
Microsoft Visual Studio Solution File, Format Version 12.00
# Visual Studio 15
VisualStudioVersion = 15.0.27130.2024
MinimumVisualStudioVersion = 10.0.40219.1
Project("{FAE04EC0-301F-11D3-BF4B-00C04F79EFBC}") = "CustomButton", "CustomButton\CustomButton.csproj", "{7827E574-8585-47EC-B0A5-2246D8740008}"
EndProject
Global
	GlobalSection(SolutionConfigurationPlatforms) = preSolution
		Debug|Any CPU = Debug|Any CPU
		Release|Any CPU = Release|Any CPU
	EndGlobalSection
	GlobalSection(ProjectConfigurationPlatforms) = postSolution
		{7827E574-8585-47EC-B0A5-2246D8740008}.Debug|Any CPU.ActiveCfg = Debug|Any CPU
		{7827E574-8585-47EC-B0A5-2246D8740008}.Debug|Any CPU.Build.0 = Debug|Any CPU
		{7827E574-8585-47EC-B0A5-2246D8740008}.Release|Any CPU.ActiveCfg = Release|Any CPU
		{7827E574-8585-47EC-B0A5-2246D8740008}.Release|Any CPU.Build.0 = Release|Any CPU
	EndGlobalSection
	GlobalSection(SolutionProperties) = preSolution
		HideSolutionNode = FALSE
	EndGlobalSection
	GlobalSection(ExtensibilityGlobals) = postSolution
		SolutionGuid = {BF768B95-5964-4C15-AF49-C2CEE154AD93}
	EndGlobalSection
EndGlobal
