
Microsoft Visual Studio Solution File, Format Version 12.00
# Visual Studio 15
VisualStudioVersion = 15.0.28010.2016
MinimumVisualStudioVersion = 10.0.40219.1
Project("{FAE04EC0-301F-11D3-BF4B-00C04F79EFBC}") = "OutlookAddIn1", "OutlookAddIn1\OutlookAddIn1.csproj", "{01E72D26-C765-4D7D-B1B2-4103DFFB1F23}"
EndProject
Global
	GlobalSection(SolutionConfigurationPlatforms) = preSolution
		Debug|Any CPU = Debug|Any CPU
		Release|Any CPU = Release|Any CPU
	EndGlobalSection
	GlobalSection(ProjectConfigurationPlatforms) = postSolution
		{01E72D26-C765-4D7D-B1B2-4103DFFB1F23}.Debug|Any CPU.ActiveCfg = Debug|Any CPU
		{01E72D26-C765-4D7D-B1B2-4103DFFB1F23}.Debug|Any CPU.Build.0 = Debug|Any CPU
		{01E72D26-C765-4D7D-B1B2-4103DFFB1F23}.Release|Any CPU.ActiveCfg = Release|Any CPU
		{01E72D26-C765-4D7D-B1B2-4103DFFB1F23}.Release|Any CPU.Build.0 = Release|Any CPU
	EndGlobalSection
	GlobalSection(SolutionProperties) = preSolution
		HideSolutionNode = FALSE
	EndGlobalSection
	GlobalSection(ExtensibilityGlobals) = postSolution
		SolutionGuid = {8C23864D-0DCC-4CBB-8391-F9024E6D7DA5}
	EndGlobalSection
EndGlobal
