
Microsoft Visual Studio Solution File, Format Version 12.00
# Visual Studio 15
VisualStudioVersion = 15.0.27130.2024
MinimumVisualStudioVersion = 10.0.40219.1
Project("{FAE04EC0-301F-11D3-BF4B-00C04F79EFBC}") = "CrossCustomControl", "CrossCustomControl\CrossCustomControl.csproj", "{17F87584-DE7D-480E-BE1F-BCB683A5A3D2}"
EndProject
Global
	GlobalSection(SolutionConfigurationPlatforms) = preSolution
		Debug|Any CPU = Debug|Any CPU
		Release|Any CPU = Release|Any CPU
	EndGlobalSection
	GlobalSection(ProjectConfigurationPlatforms) = postSolution
		{17F87584-DE7D-480E-BE1F-BCB683A5A3D2}.Debug|Any CPU.ActiveCfg = Debug|Any CPU
		{17F87584-DE7D-480E-BE1F-BCB683A5A3D2}.Debug|Any CPU.Build.0 = Debug|Any CPU
		{17F87584-DE7D-480E-BE1F-BCB683A5A3D2}.Release|Any CPU.ActiveCfg = Release|Any CPU
		{17F87584-DE7D-480E-BE1F-BCB683A5A3D2}.Release|Any CPU.Build.0 = Release|Any CPU
	EndGlobalSection
	GlobalSection(SolutionProperties) = preSolution
		HideSolutionNode = FALSE
	EndGlobalSection
	GlobalSection(ExtensibilityGlobals) = postSolution
		SolutionGuid = {108FB149-F0DB-405B-B81A-7BE95E105864}
	EndGlobalSection
EndGlobal
