
Microsoft Visual Studio Solution File, Format Version 12.00
# Visual Studio 15
VisualStudioVersion = 15.0.27130.2024
MinimumVisualStudioVersion = 10.0.40219.1
Project("{FAE04EC0-301F-11D3-BF4B-00C04F79EFBC}") = "NormalSpringDemo", "StrategyPatternWithSpringDemo\NormalSpringDemo.csproj", "{DC935B7B-4F31-4190-BEC6-47B5372262CD}"
EndProject
Global
	GlobalSection(SolutionConfigurationPlatforms) = preSolution
		Debug|Any CPU = Debug|Any CPU
		Release|Any CPU = Release|Any CPU
	EndGlobalSection
	GlobalSection(ProjectConfigurationPlatforms) = postSolution
		{DC935B7B-4F31-4190-BEC6-47B5372262CD}.Debug|Any CPU.ActiveCfg = Debug|Any CPU
		{DC935B7B-4F31-4190-BEC6-47B5372262CD}.Debug|Any CPU.Build.0 = Debug|Any CPU
		{DC935B7B-4F31-4190-BEC6-47B5372262CD}.Release|Any CPU.ActiveCfg = Release|Any CPU
		{DC935B7B-4F31-4190-BEC6-47B5372262CD}.Release|Any CPU.Build.0 = Release|Any CPU
	EndGlobalSection
	GlobalSection(SolutionProperties) = preSolution
		HideSolutionNode = FALSE
	EndGlobalSection
	GlobalSection(ExtensibilityGlobals) = postSolution
		SolutionGuid = {EA66E9F2-4A7B-403E-AC5E-54A8CA378335}
	EndGlobalSection
EndGlobal
