
Microsoft Visual Studio Solution File, Format Version 12.00
# Visual Studio 15
VisualStudioVersion = 15.0.27130.2024
MinimumVisualStudioVersion = 10.0.40219.1
Project("{FAE04EC0-301F-11D3-BF4B-00C04F79EFBC}") = "SaleClassLibrary", "SaleClassLibrary\SaleClassLibrary.csproj", "{DECE5C1E-C7F2-47C2-917A-A1F36CD231F7}"
EndProject
Project("{FAE04EC0-301F-11D3-BF4B-00C04F79EFBC}") = "SaleServiceHost", "SaleServiceHost\SaleServiceHost.csproj", "{8CB3FB09-6749-4837-B186-02B7954351BE}"
EndProject
Global
	GlobalSection(SolutionConfigurationPlatforms) = preSolution
		Debug|Any CPU = Debug|Any CPU
		Release|Any CPU = Release|Any CPU
	EndGlobalSection
	GlobalSection(ProjectConfigurationPlatforms) = postSolution
		{DECE5C1E-C7F2-47C2-917A-A1F36CD231F7}.Debug|Any CPU.ActiveCfg = Debug|Any CPU
		{DECE5C1E-C7F2-47C2-917A-A1F36CD231F7}.Debug|Any CPU.Build.0 = Debug|Any CPU
		{DECE5C1E-C7F2-47C2-917A-A1F36CD231F7}.Release|Any CPU.ActiveCfg = Release|Any CPU
		{DECE5C1E-C7F2-47C2-917A-A1F36CD231F7}.Release|Any CPU.Build.0 = Release|Any CPU
		{8CB3FB09-6749-4837-B186-02B7954351BE}.Debug|Any CPU.ActiveCfg = Debug|Any CPU
		{8CB3FB09-6749-4837-B186-02B7954351BE}.Debug|Any CPU.Build.0 = Debug|Any CPU
		{8CB3FB09-6749-4837-B186-02B7954351BE}.Release|Any CPU.ActiveCfg = Release|Any CPU
		{8CB3FB09-6749-4837-B186-02B7954351BE}.Release|Any CPU.Build.0 = Release|Any CPU
	EndGlobalSection
	GlobalSection(SolutionProperties) = preSolution
		HideSolutionNode = FALSE
	EndGlobalSection
	GlobalSection(ExtensibilityGlobals) = postSolution
		SolutionGuid = {BBC30D3B-08CE-46AF-8DD6-31BC05E02513}
	EndGlobalSection
EndGlobal
