
Microsoft Visual Studio Solution File, Format Version 12.00
# Visual Studio 15
VisualStudioVersion = 15.0.28010.2016
MinimumVisualStudioVersion = 10.0.40219.1
Project("{FAE04EC0-301F-11D3-BF4B-00C04F79EFBC}") = "CoreServices", "CoreServices\CoreServices.csproj", "{DCBBB16C-4189-471D-88B5-A7618BBC08D2}"
EndProject
Project("{FAE04EC0-301F-11D3-BF4B-00C04F79EFBC}") = "SaddlePoint", "SaddlePoint\SaddlePoint.csproj", "{A86DFD57-6A41-4A69-AA1F-FB95C95FD9CA}"
EndProject
Project("{FAE04EC0-301F-11D3-BF4B-00C04F79EFBC}") = "QuanPaiLie", "QuanPaiLie\QuanPaiLie.csproj", "{C73A6BA2-C195-4010-BE0B-53CDDA0BB65F}"
EndProject
Global
	GlobalSection(SolutionConfigurationPlatforms) = preSolution
		Debug|Any CPU = Debug|Any CPU
		Release|Any CPU = Release|Any CPU
	EndGlobalSection
	GlobalSection(ProjectConfigurationPlatforms) = postSolution
		{DCBBB16C-4189-471D-88B5-A7618BBC08D2}.Debug|Any CPU.ActiveCfg = Debug|Any CPU
		{DCBBB16C-4189-471D-88B5-A7618BBC08D2}.Debug|Any CPU.Build.0 = Debug|Any CPU
		{DCBBB16C-4189-471D-88B5-A7618BBC08D2}.Release|Any CPU.ActiveCfg = Release|Any CPU
		{DCBBB16C-4189-471D-88B5-A7618BBC08D2}.Release|Any CPU.Build.0 = Release|Any CPU
		{A86DFD57-6A41-4A69-AA1F-FB95C95FD9CA}.Debug|Any CPU.ActiveCfg = Debug|Any CPU
		{A86DFD57-6A41-4A69-AA1F-FB95C95FD9CA}.Debug|Any CPU.Build.0 = Debug|Any CPU
		{A86DFD57-6A41-4A69-AA1F-FB95C95FD9CA}.Release|Any CPU.ActiveCfg = Release|Any CPU
		{A86DFD57-6A41-4A69-AA1F-FB95C95FD9CA}.Release|Any CPU.Build.0 = Release|Any CPU
		{C73A6BA2-C195-4010-BE0B-53CDDA0BB65F}.Debug|Any CPU.ActiveCfg = Debug|Any CPU
		{C73A6BA2-C195-4010-BE0B-53CDDA0BB65F}.Debug|Any CPU.Build.0 = Debug|Any CPU
		{C73A6BA2-C195-4010-BE0B-53CDDA0BB65F}.Release|Any CPU.ActiveCfg = Release|Any CPU
		{C73A6BA2-C195-4010-BE0B-53CDDA0BB65F}.Release|Any CPU.Build.0 = Release|Any CPU
	EndGlobalSection
	GlobalSection(SolutionProperties) = preSolution
		HideSolutionNode = FALSE
	EndGlobalSection
	GlobalSection(ExtensibilityGlobals) = postSolution
		SolutionGuid = {51B0494A-33D2-44EF-99C9-689DB3983972}
	EndGlobalSection
EndGlobal
