
Microsoft Visual Studio Solution File, Format Version 12.00
# Visual Studio 15
VisualStudioVersion = 15.0.27428.2043
MinimumVisualStudioVersion = 10.0.40219.1
Project("{FAE04EC0-301F-11D3-BF4B-00C04F79EFBC}") = "MefDemo", "MefDemo\MefDemo.csproj", "{64C750B7-0162-41F8-A26B-79F0AF1C0CF4}"
EndProject
Global
	GlobalSection(SolutionConfigurationPlatforms) = preSolution
		Debug|Any CPU = Debug|Any CPU
		Release|Any CPU = Release|Any CPU
	EndGlobalSection
	GlobalSection(ProjectConfigurationPlatforms) = postSolution
		{64C750B7-0162-41F8-A26B-79F0AF1C0CF4}.Debug|Any CPU.ActiveCfg = Debug|Any CPU
		{64C750B7-0162-41F8-A26B-79F0AF1C0CF4}.Debug|Any CPU.Build.0 = Debug|Any CPU
		{64C750B7-0162-41F8-A26B-79F0AF1C0CF4}.Release|Any CPU.ActiveCfg = Release|Any CPU
		{64C750B7-0162-41F8-A26B-79F0AF1C0CF4}.Release|Any CPU.Build.0 = Release|Any CPU
	EndGlobalSection
	GlobalSection(SolutionProperties) = preSolution
		HideSolutionNode = FALSE
	EndGlobalSection
	GlobalSection(ExtensibilityGlobals) = postSolution
		SolutionGuid = {18774826-F557-4862-9232-E1316B9567EB}
	EndGlobalSection
EndGlobal
