
Microsoft Visual Studio Solution File, Format Version 12.00
# Visual Studio 15
VisualStudioVersion = 15.0.27130.2024
MinimumVisualStudioVersion = 10.0.40219.1
Project("{FAE04EC0-301F-11D3-BF4B-00C04F79EFBC}") = "CalculatorWithMefDemo", "CalculatorWithMefDemo\CalculatorWithMefDemo.csproj", "{5593677E-6CEE-4814-B78A-C1B18ECEBFB8}"
EndProject
Project("{FAE04EC0-301F-11D3-BF4B-00C04F79EFBC}") = "ExtensionMethod", "ExtensionMethod\ExtensionMethod.csproj", "{4B235C68-0BD8-4B91-A7A0-6B44538F46F6}"
EndProject
Project("{FAE04EC0-301F-11D3-BF4B-00C04F79EFBC}") = "HelloWorld", "HelloWorld\HelloWorld.csproj", "{B0EA52D2-DCF1-4E89-9501-1BFDAA5DC781}"
EndProject
Project("{FAE04EC0-301F-11D3-BF4B-00C04F79EFBC}") = "InterfaceWithExplicit", "InterfaceWithExplicit\InterfaceWithExplicit.csproj", "{C2737B39-97F1-4F0E-B9DD-DD422DCF4E97}"
EndProject
Project("{FAE04EC0-301F-11D3-BF4B-00C04F79EFBC}") = "InterfaceCallback", "InterfaceCallback\InterfaceCallback.csproj", "{86A72927-E75D-495E-8198-780303A89AC4}"
EndProject
Global
	GlobalSection(SolutionConfigurationPlatforms) = preSolution
		Debug|Any CPU = Debug|Any CPU
		Release|Any CPU = Release|Any CPU
	EndGlobalSection
	GlobalSection(ProjectConfigurationPlatforms) = postSolution
		{5593677E-6CEE-4814-B78A-C1B18ECEBFB8}.Debug|Any CPU.ActiveCfg = Debug|Any CPU
		{5593677E-6CEE-4814-B78A-C1B18ECEBFB8}.Debug|Any CPU.Build.0 = Debug|Any CPU
		{5593677E-6CEE-4814-B78A-C1B18ECEBFB8}.Release|Any CPU.ActiveCfg = Release|Any CPU
		{5593677E-6CEE-4814-B78A-C1B18ECEBFB8}.Release|Any CPU.Build.0 = Release|Any CPU
		{4B235C68-0BD8-4B91-A7A0-6B44538F46F6}.Debug|Any CPU.ActiveCfg = Debug|Any CPU
		{4B235C68-0BD8-4B91-A7A0-6B44538F46F6}.Debug|Any CPU.Build.0 = Debug|Any CPU
		{4B235C68-0BD8-4B91-A7A0-6B44538F46F6}.Release|Any CPU.ActiveCfg = Release|Any CPU
		{4B235C68-0BD8-4B91-A7A0-6B44538F46F6}.Release|Any CPU.Build.0 = Release|Any CPU
		{B0EA52D2-DCF1-4E89-9501-1BFDAA5DC781}.Debug|Any CPU.ActiveCfg = Debug|Any CPU
		{B0EA52D2-DCF1-4E89-9501-1BFDAA5DC781}.Debug|Any CPU.Build.0 = Debug|Any CPU
		{B0EA52D2-DCF1-4E89-9501-1BFDAA5DC781}.Release|Any CPU.ActiveCfg = Release|Any CPU
		{B0EA52D2-DCF1-4E89-9501-1BFDAA5DC781}.Release|Any CPU.Build.0 = Release|Any CPU
		{C2737B39-97F1-4F0E-B9DD-DD422DCF4E97}.Debug|Any CPU.ActiveCfg = Debug|Any CPU
		{C2737B39-97F1-4F0E-B9DD-DD422DCF4E97}.Debug|Any CPU.Build.0 = Debug|Any CPU
		{C2737B39-97F1-4F0E-B9DD-DD422DCF4E97}.Release|Any CPU.ActiveCfg = Release|Any CPU
		{C2737B39-97F1-4F0E-B9DD-DD422DCF4E97}.Release|Any CPU.Build.0 = Release|Any CPU
		{86A72927-E75D-495E-8198-780303A89AC4}.Debug|Any CPU.ActiveCfg = Debug|Any CPU
		{86A72927-E75D-495E-8198-780303A89AC4}.Debug|Any CPU.Build.0 = Debug|Any CPU
		{86A72927-E75D-495E-8198-780303A89AC4}.Release|Any CPU.ActiveCfg = Release|Any CPU
		{86A72927-E75D-495E-8198-780303A89AC4}.Release|Any CPU.Build.0 = Release|Any CPU
	EndGlobalSection
	GlobalSection(SolutionProperties) = preSolution
		HideSolutionNode = FALSE
	EndGlobalSection
	GlobalSection(ExtensibilityGlobals) = postSolution
		SolutionGuid = {4C62DFEB-A601-4F13-82AA-5B021510E2C7}
	EndGlobalSection
EndGlobal
