
Microsoft Visual Studio Solution File, Format Version 12.00
# Visual Studio 15
VisualStudioVersion = 15.0.27130.2024
MinimumVisualStudioVersion = 10.0.40219.1
Project("{FAE04EC0-301F-11D3-BF4B-00C04F79EFBC}") = "EnumerableDemo", "EnumerableDemo\EnumerableDemo.csproj", "{FD042CC6-0DD1-46BF-9EE9-36A6DE2DB91B}"
EndProject
Global
	GlobalSection(SolutionConfigurationPlatforms) = preSolution
		Debug|Any CPU = Debug|Any CPU
		Release|Any CPU = Release|Any CPU
	EndGlobalSection
	GlobalSection(ProjectConfigurationPlatforms) = postSolution
		{FD042CC6-0DD1-46BF-9EE9-36A6DE2DB91B}.Debug|Any CPU.ActiveCfg = Debug|Any CPU
		{FD042CC6-0DD1-46BF-9EE9-36A6DE2DB91B}.Debug|Any CPU.Build.0 = Debug|Any CPU
		{FD042CC6-0DD1-46BF-9EE9-36A6DE2DB91B}.Release|Any CPU.ActiveCfg = Release|Any CPU
		{FD042CC6-0DD1-46BF-9EE9-36A6DE2DB91B}.Release|Any CPU.Build.0 = Release|Any CPU
	EndGlobalSection
	GlobalSection(SolutionProperties) = preSolution
		HideSolutionNode = FALSE
	EndGlobalSection
	GlobalSection(ExtensibilityGlobals) = postSolution
		SolutionGuid = {5162479D-7CA8-4FE6-A58D-63AF2DAFC5F8}
	EndGlobalSection
EndGlobal
