
Microsoft Visual Studio Solution File, Format Version 12.00
# Visual Studio 15
VisualStudioVersion = 15.0.27130.2024
MinimumVisualStudioVersion = 10.0.40219.1
Project("{FAE04EC0-301F-11D3-BF4B-00C04F79EFBC}") = "CommandParamtersDemo", "CommandParamtersDemo.csproj", "{D5B2AF8D-8E32-46C8-B455-EC9B605672B2}"
EndProject
Global
	GlobalSection(SolutionConfigurationPlatforms) = preSolution
		Debug|Any CPU = Debug|Any CPU
		Release|Any CPU = Release|Any CPU
	EndGlobalSection
	GlobalSection(ProjectConfigurationPlatforms) = postSolution
		{D5B2AF8D-8E32-46C8-B455-EC9B605672B2}.Debug|Any CPU.ActiveCfg = Debug|Any CPU
		{D5B2AF8D-8E32-46C8-B455-EC9B605672B2}.Debug|Any CPU.Build.0 = Debug|Any CPU
		{D5B2AF8D-8E32-46C8-B455-EC9B605672B2}.Release|Any CPU.ActiveCfg = Release|Any CPU
		{D5B2AF8D-8E32-46C8-B455-EC9B605672B2}.Release|Any CPU.Build.0 = Release|Any CPU
	EndGlobalSection
	GlobalSection(SolutionProperties) = preSolution
		HideSolutionNode = FALSE
	EndGlobalSection
	GlobalSection(ExtensibilityGlobals) = postSolution
		SolutionGuid = {B66944E1-C98E-4337-8A25-1C41C9436B42}
	EndGlobalSection
EndGlobal
