
Microsoft Visual Studio Solution File, Format Version 12.00
# Visual Studio 15
VisualStudioVersion = 15.0.27428.2043
MinimumVisualStudioVersion = 10.0.40219.1
Project("{FAE04EC0-301F-11D3-BF4B-00C04F79EFBC}") = "LazyDemo", "LazyDemo\LazyDemo.csproj", "{C4A3D55A-0B30-4EAA-873D-DFD4F1EFA15E}"
EndProject
Global
	GlobalSection(SolutionConfigurationPlatforms) = preSolution
		Debug|Any CPU = Debug|Any CPU
		Release|Any CPU = Release|Any CPU
	EndGlobalSection
	GlobalSection(ProjectConfigurationPlatforms) = postSolution
		{C4A3D55A-0B30-4EAA-873D-DFD4F1EFA15E}.Debug|Any CPU.ActiveCfg = Debug|Any CPU
		{C4A3D55A-0B30-4EAA-873D-DFD4F1EFA15E}.Debug|Any CPU.Build.0 = Debug|Any CPU
		{C4A3D55A-0B30-4EAA-873D-DFD4F1EFA15E}.Release|Any CPU.ActiveCfg = Release|Any CPU
		{C4A3D55A-0B30-4EAA-873D-DFD4F1EFA15E}.Release|Any CPU.Build.0 = Release|Any CPU
	EndGlobalSection
	GlobalSection(SolutionProperties) = preSolution
		HideSolutionNode = FALSE
	EndGlobalSection
	GlobalSection(ExtensibilityGlobals) = postSolution
		SolutionGuid = {E1BE02AB-F191-406D-8679-B4487713F6B5}
	EndGlobalSection
EndGlobal
