
Microsoft Visual Studio Solution File, Format Version 12.00
# Visual Studio 15
VisualStudioVersion = 15.0.28010.2016
MinimumVisualStudioVersion = 10.0.40219.1
Project("{FAE04EC0-301F-11D3-BF4B-00C04F79EFBC}") = "AlgorithmCases", "AlgorithmCases\AlgorithmCases.csproj", "{E8D4EFA6-25F4-451B-9FCA-5628743444E2}"
EndProject
Global
	GlobalSection(SolutionConfigurationPlatforms) = preSolution
		Debug|Any CPU = Debug|Any CPU
		Release|Any CPU = Release|Any CPU
	EndGlobalSection
	GlobalSection(ProjectConfigurationPlatforms) = postSolution
		{E8D4EFA6-25F4-451B-9FCA-5628743444E2}.Debug|Any CPU.ActiveCfg = Debug|Any CPU
		{E8D4EFA6-25F4-451B-9FCA-5628743444E2}.Debug|Any CPU.Build.0 = Debug|Any CPU
		{E8D4EFA6-25F4-451B-9FCA-5628743444E2}.Release|Any CPU.ActiveCfg = Release|Any CPU
		{E8D4EFA6-25F4-451B-9FCA-5628743444E2}.Release|Any CPU.Build.0 = Release|Any CPU
	EndGlobalSection
	GlobalSection(SolutionProperties) = preSolution
		HideSolutionNode = FALSE
	EndGlobalSection
	GlobalSection(ExtensibilityGlobals) = postSolution
		SolutionGuid = {A2CFB4FC-A778-44F8-B34B-FF7E1A3CC548}
	EndGlobalSection
EndGlobal
